version = 1
revision = 3
requires-python = ">=3.10"

[[package]]
name = "imod32"
version = "0.1.0"
source = { virtual = "." }
dependencies = [
    { name = "pymodbus" },
]

[package.metadata]
requires-dist = [{ name = "pymodbus", specifier = "==3.8.0" }]

[[package]]
name = "pymodbus"
version = "3.8.0"
source = { registry = "https://pypi.org/simple" }
sdist = { url = "https://files.pythonhosted.org/packages/31/93/90016af90b11019f97294a7fa892ca2c5e9e8e49cb1666c0f1e6662b5bf1/pymodbus-3.8.0.tar.gz", hash = "sha256:b7af8a9b7274fff50a045007e84fe367ce2aa6e9bc74261e39ffdb31c06bc205", size = 159466, upload-time = "2024-12-07T15:51:14.378Z" }
wheels = [
    { url = "https://files.pythonhosted.org/packages/50/ce/08d5cffdb95473cb665b76face40f3e03a6d298e26b487157927141e48c7/pymodbus-3.8.0-py3-none-any.whl", hash = "sha256:ca487afd6de2e941484e031f2801b6dd3c3e788d05496a9f65fede1109cbecc0", size = 160361, upload-time = "2024-12-07T15:51:11.821Z" },
]
